
Microsoft Visual Studio Solution File, Format Version 12.00
# Visual Studio 14
VisualStudioVersion = 14.0.24720.0
MinimumVisualStudioVersion = 10.0.40219.1
Project("{2150E333-8FDC-42A3-9474-1A3956D46DE8}") = "1 Intro", "1 Intro", "{33A0072D-DAB5-4B89-BBD4-2060BA80818A}"
EndProject
Project("{FAE04EC0-301F-11D3-BF4B-00C04F79EFBC}") = "Calculator", "1 Intro\Calculator\Calculator.csproj", "{52316F7E-B148-4971-8250-139DC6B2DBBD}"
EndProject
Project("{FAE04EC0-301F-11D3-BF4B-00C04F79EFBC}") = "CalculatorTests", "1 Intro\CalculatorTests\CalculatorTests.csproj", "{DDA0FAFF-AB1B-4AEE-8D6C-CC6E63D8AFDD}"
EndProject
Project("{2150E333-8FDC-42A3-9474-1A3956D46DE8}") = "2 FirstUnitTest", "2 FirstUnitTest", "{0754E708-239D-4161-83AD-9C2830AE4775}"
EndProject
Project("{FAE04EC0-301F-11D3-BF4B-00C04F79EFBC}") = "UltimateKnowledge", "2 FirstUnitTest\UltimateKnowledge\UltimateKnowledge.csproj", "{0D713DEB-4C5C-4655-84AD-4BB8DC4D07BF}"
EndProject
Project("{FAE04EC0-301F-11D3-BF4B-00C04F79EFBC}") = "UltimateKnowledgeTests", "2 FirstUnitTest\UltimateKnowledgeTests\UltimateKnowledgeTests.csproj", "{B959906C-1633-48E3-A2F4-33FEE9DC0025}"
EndProject
Project("{2150E333-8FDC-42A3-9474-1A3956D46DE8}") = "3 SecondnitTest", "3 SecondnitTest", "{1685F269-51E9-4BCA-A400-9AF312EBE00F}"
EndProject
Project("{FAE04EC0-301F-11D3-BF4B-00C04F79EFBC}") = "Calculator", "3 SecondUnitTest\Calculator\Calculator.csproj", "{2E9FDAA6-3750-4E7E-B4DC-05B4F192E2C1}"
EndProject
Project("{FAE04EC0-301F-11D3-BF4B-00C04F79EFBC}") = "CalculatorTests", "3 SecondUnitTest\CalculatorTests\CalculatorTests.csproj", "{B6734454-8B44-4E00-B265-790A68529F46}"
EndProject
Project("{FAE04EC0-301F-11D3-BF4B-00C04F79EFBC}") = "CalculatorTestsMSTest", "3 SecondUnitTest\CalculatorTestsMSTest\CalculatorTestsMSTest.csproj", "{EA8D6231-1BA6-46EF-91D2-658BED914B04}"
EndProject
Project("{FAE04EC0-301F-11D3-BF4B-00C04F79EFBC}") = "ServiceClient", "4 NSubstituteDemo\ServiceClient\ServiceClient.csproj", "{74CF9136-00E0-4628-AA68-FCFB47FECCF9}"
EndProject
Project("{2150E333-8FDC-42A3-9474-1A3956D46DE8}") = "4 Mocking", "4 Mocking", "{38BC0EA1-9C9D-447D-9514-02D90C850469}"
EndProject
Project("{FAE04EC0-301F-11D3-BF4B-00C04F79EFBC}") = "ServiceClientTests", "4 NSubstituteDemo\ServiceClientTests\ServiceClientTests.csproj", "{31CF3B27-BAC1-441C-B43A-A3D83EE85C9E}"
EndProject
Project("{2150E333-8FDC-42A3-9474-1A3956D46DE8}") = "Advanced NUnit", "Advanced NUnit", "{98EAD91F-25AF-4E74-9299-1239ADC05AE9}"
EndProject
Project("{FAE04EC0-301F-11D3-BF4B-00C04F79EFBC}") = "Fibonacci", "Advanced\Fibonacci\Fibonacci.csproj", "{24F305A6-857D-422D-9C08-F6FDFE5D2686}"
EndProject
Project("{FAE04EC0-301F-11D3-BF4B-00C04F79EFBC}") = "FibonacciCalcTests", "Advanced\FibonacciCalcTests\FibonacciCalcTests.csproj", "{38776F50-5004-4FD0-98E6-B373167F5761}"
EndProject
Project("{2150E333-8FDC-42A3-9474-1A3956D46DE8}") = "Homework", "Homework", "{29C690F4-077D-4855-A7F4-10685AE12AEA}"
EndProject
Project("{FAE04EC0-301F-11D3-BF4B-00C04F79EFBC}") = "Homework", "Homework\Homework\Homework.csproj", "{A36F485C-E666-4772-A9C0-B8AEFB8716C8}"
EndProject
Global
	GlobalSection(SolutionConfigurationPlatforms) = preSolution
		Debug|Any CPU = Debug|Any CPU
		Release|Any CPU = Release|Any CPU
	EndGlobalSection
	GlobalSection(ProjectConfigurationPlatforms) = postSolution
		{52316F7E-B148-4971-8250-139DC6B2DBBD}.Debug|Any CPU.ActiveCfg = Debug|Any CPU
		{52316F7E-B148-4971-8250-139DC6B2DBBD}.Debug|Any CPU.Build.0 = Debug|Any CPU
		{52316F7E-B148-4971-8250-139DC6B2DBBD}.Release|Any CPU.ActiveCfg = Release|Any CPU
		{52316F7E-B148-4971-8250-139DC6B2DBBD}.Release|Any CPU.Build.0 = Release|Any CPU
		{DDA0FAFF-AB1B-4AEE-8D6C-CC6E63D8AFDD}.Debug|Any CPU.ActiveCfg = Debug|Any CPU
		{DDA0FAFF-AB1B-4AEE-8D6C-CC6E63D8AFDD}.Debug|Any CPU.Build.0 = Debug|Any CPU
		{DDA0FAFF-AB1B-4AEE-8D6C-CC6E63D8AFDD}.Release|Any CPU.ActiveCfg = Release|Any CPU
		{DDA0FAFF-AB1B-4AEE-8D6C-CC6E63D8AFDD}.Release|Any CPU.Build.0 = Release|Any CPU
		{0D713DEB-4C5C-4655-84AD-4BB8DC4D07BF}.Debug|Any CPU.ActiveCfg = Debug|Any CPU
		{0D713DEB-4C5C-4655-84AD-4BB8DC4D07BF}.Debug|Any CPU.Build.0 = Debug|Any CPU
		{0D713DEB-4C5C-4655-84AD-4BB8DC4D07BF}.Release|Any CPU.ActiveCfg = Release|Any CPU
		{0D713DEB-4C5C-4655-84AD-4BB8DC4D07BF}.Release|Any CPU.Build.0 = Release|Any CPU
		{B959906C-1633-48E3-A2F4-33FEE9DC0025}.Debug|Any CPU.ActiveCfg = Debug|Any CPU
		{B959906C-1633-48E3-A2F4-33FEE9DC0025}.Debug|Any CPU.Build.0 = Debug|Any CPU
		{B959906C-1633-48E3-A2F4-33FEE9DC0025}.Release|Any CPU.ActiveCfg = Release|Any CPU
		{B959906C-1633-48E3-A2F4-33FEE9DC0025}.Release|Any CPU.Build.0 = Release|Any CPU
		{2E9FDAA6-3750-4E7E-B4DC-05B4F192E2C1}.Debug|Any CPU.ActiveCfg = Debug|Any CPU
		{2E9FDAA6-3750-4E7E-B4DC-05B4F192E2C1}.Debug|Any CPU.Build.0 = Debug|Any CPU
		{2E9FDAA6-3750-4E7E-B4DC-05B4F192E2C1}.Release|Any CPU.ActiveCfg = Release|Any CPU
		{2E9FDAA6-3750-4E7E-B4DC-05B4F192E2C1}.Release|Any CPU.Build.0 = Release|Any CPU
		{B6734454-8B44-4E00-B265-790A68529F46}.Debug|Any CPU.ActiveCfg = Debug|Any CPU
		{B6734454-8B44-4E00-B265-790A68529F46}.Debug|Any CPU.Build.0 = Debug|Any CPU
		{B6734454-8B44-4E00-B265-790A68529F46}.Release|Any CPU.ActiveCfg = Release|Any CPU
		{B6734454-8B44-4E00-B265-790A68529F46}.Release|Any CPU.Build.0 = Release|Any CPU
		{EA8D6231-1BA6-46EF-91D2-658BED914B04}.Debug|Any CPU.ActiveCfg = Debug|Any CPU
		{EA8D6231-1BA6-46EF-91D2-658BED914B04}.Debug|Any CPU.Build.0 = Debug|Any CPU
		{EA8D6231-1BA6-46EF-91D2-658BED914B04}.Release|Any CPU.ActiveCfg = Release|Any CPU
		{EA8D6231-1BA6-46EF-91D2-658BED914B04}.Release|Any CPU.Build.0 = Release|Any CPU
		{74CF9136-00E0-4628-AA68-FCFB47FECCF9}.Debug|Any CPU.ActiveCfg = Debug|Any CPU
		{74CF9136-00E0-4628-AA68-FCFB47FECCF9}.Debug|Any CPU.Build.0 = Debug|Any CPU
		{74CF9136-00E0-4628-AA68-FCFB47FECCF9}.Release|Any CPU.ActiveCfg = Release|Any CPU
		{74CF9136-00E0-4628-AA68-FCFB47FECCF9}.Release|Any CPU.Build.0 = Release|Any CPU
		{31CF3B27-BAC1-441C-B43A-A3D83EE85C9E}.Debug|Any CPU.ActiveCfg = Debug|Any CPU
		{31CF3B27-BAC1-441C-B43A-A3D83EE85C9E}.Debug|Any CPU.Build.0 = Debug|Any CPU
		{31CF3B27-BAC1-441C-B43A-A3D83EE85C9E}.Release|Any CPU.ActiveCfg = Release|Any CPU
		{31CF3B27-BAC1-441C-B43A-A3D83EE85C9E}.Release|Any CPU.Build.0 = Release|Any CPU
		{24F305A6-857D-422D-9C08-F6FDFE5D2686}.Debug|Any CPU.ActiveCfg = Debug|Any CPU
		{24F305A6-857D-422D-9C08-F6FDFE5D2686}.Debug|Any CPU.Build.0 = Debug|Any CPU
		{24F305A6-857D-422D-9C08-F6FDFE5D2686}.Release|Any CPU.ActiveCfg = Release|Any CPU
		{24F305A6-857D-422D-9C08-F6FDFE5D2686}.Release|Any CPU.Build.0 = Release|Any CPU
		{38776F50-5004-4FD0-98E6-B373167F5761}.Debug|Any CPU.ActiveCfg = Debug|Any CPU
		{38776F50-5004-4FD0-98E6-B373167F5761}.Debug|Any CPU.Build.0 = Debug|Any CPU
		{38776F50-5004-4FD0-98E6-B373167F5761}.Release|Any CPU.ActiveCfg = Release|Any CPU
		{38776F50-5004-4FD0-98E6-B373167F5761}.Release|Any CPU.Build.0 = Release|Any CPU
		{A36F485C-E666-4772-A9C0-B8AEFB8716C8}.Debug|Any CPU.ActiveCfg = Debug|Any CPU
		{A36F485C-E666-4772-A9C0-B8AEFB8716C8}.Debug|Any CPU.Build.0 = Debug|Any CPU
		{A36F485C-E666-4772-A9C0-B8AEFB8716C8}.Release|Any CPU.ActiveCfg = Release|Any CPU
		{A36F485C-E666-4772-A9C0-B8AEFB8716C8}.Release|Any CPU.Build.0 = Release|Any CPU
	EndGlobalSection
	GlobalSection(SolutionProperties) = preSolution
		HideSolutionNode = FALSE
	EndGlobalSection
	GlobalSection(NestedProjects) = preSolution
		{52316F7E-B148-4971-8250-139DC6B2DBBD} = {33A0072D-DAB5-4B89-BBD4-2060BA80818A}
		{DDA0FAFF-AB1B-4AEE-8D6C-CC6E63D8AFDD} = {33A0072D-DAB5-4B89-BBD4-2060BA80818A}
		{0D713DEB-4C5C-4655-84AD-4BB8DC4D07BF} = {0754E708-239D-4161-83AD-9C2830AE4775}
		{B959906C-1633-48E3-A2F4-33FEE9DC0025} = {0754E708-239D-4161-83AD-9C2830AE4775}
		{2E9FDAA6-3750-4E7E-B4DC-05B4F192E2C1} = {1685F269-51E9-4BCA-A400-9AF312EBE00F}
		{B6734454-8B44-4E00-B265-790A68529F46} = {1685F269-51E9-4BCA-A400-9AF312EBE00F}
		{EA8D6231-1BA6-46EF-91D2-658BED914B04} = {1685F269-51E9-4BCA-A400-9AF312EBE00F}
		{74CF9136-00E0-4628-AA68-FCFB47FECCF9} = {38BC0EA1-9C9D-447D-9514-02D90C850469}
		{31CF3B27-BAC1-441C-B43A-A3D83EE85C9E} = {38BC0EA1-9C9D-447D-9514-02D90C850469}
		{24F305A6-857D-422D-9C08-F6FDFE5D2686} = {98EAD91F-25AF-4E74-9299-1239ADC05AE9}
		{38776F50-5004-4FD0-98E6-B373167F5761} = {98EAD91F-25AF-4E74-9299-1239ADC05AE9}
		{A36F485C-E666-4772-A9C0-B8AEFB8716C8} = {29C690F4-077D-4855-A7F4-10685AE12AEA}
	EndGlobalSection
EndGlobal
